
Microsoft Visual Studio Solution File, Format Version 12.00
# Visual Studio 15
VisualStudioVersion = 15.0.28307.1259
MinimumVisualStudioVersion = 10.0.40219.1
Project("{FAE04EC0-301F-11D3-BF4B-00C04F79EFBC}") = "ConsoleApp3", "ConsoleApp3\ConsoleApp3.csproj", "{4B9B75C7-E51A-4E7A-A800-7B8B0BBDFE81}"
EndProject
Project("{FAE04EC0-301F-11D3-BF4B-00C04F79EFBC}") = "ClassLibrary1", "ClassLibrary1\ClassLibrary1.csproj", "{7F3E5717-9561-429E-80BA-1D9A42031B11}"
EndProject
Project("{FAE04EC0-301F-11D3-BF4B-00C04F79EFBC}") = "ClassLibrary2", "ClassLibrary2\ClassLibrary2.csproj", "{B983175F-B86C-4DCB-9DCF-DB8E932CB814}"
EndProject
Global
	GlobalSection(SolutionConfigurationPlatforms) = preSolution
		Debug|Any CPU = Debug|Any CPU
		Release|Any CPU = Release|Any CPU
	EndGlobalSection
	GlobalSection(ProjectConfigurationPlatforms) = postSolution
		{4B9B75C7-E51A-4E7A-A800-7B8B0BBDFE81}.Debug|Any CPU.ActiveCfg = Debug|Any CPU
		{4B9B75C7-E51A-4E7A-A800-7B8B0BBDFE81}.Debug|Any CPU.Build.0 = Debug|Any CPU
		{4B9B75C7-E51A-4E7A-A800-7B8B0BBDFE81}.Release|Any CPU.ActiveCfg = Release|Any CPU
		{4B9B75C7-E51A-4E7A-A800-7B8B0BBDFE81}.Release|Any CPU.Build.0 = Release|Any CPU
		{7F3E5717-9561-429E-80BA-1D9A42031B11}.Debug|Any CPU.ActiveCfg = Debug|Any CPU
		{7F3E5717-9561-429E-80BA-1D9A42031B11}.Debug|Any CPU.Build.0 = Debug|Any CPU
		{7F3E5717-9561-429E-80BA-1D9A42031B11}.Release|Any CPU.ActiveCfg = Release|Any CPU
		{7F3E5717-9561-429E-80BA-1D9A42031B11}.Release|Any CPU.Build.0 = Release|Any CPU
		{B983175F-B86C-4DCB-9DCF-DB8E932CB814}.Debug|Any CPU.ActiveCfg = Debug|Any CPU
		{B983175F-B86C-4DCB-9DCF-DB8E932CB814}.Debug|Any CPU.Build.0 = Debug|Any CPU
		{B983175F-B86C-4DCB-9DCF-DB8E932CB814}.Release|Any CPU.ActiveCfg = Release|Any CPU
		{B983175F-B86C-4DCB-9DCF-DB8E932CB814}.Release|Any CPU.Build.0 = Release|Any CPU
	EndGlobalSection
	GlobalSection(SolutionProperties) = preSolution
		HideSolutionNode = FALSE
	EndGlobalSection
	GlobalSection(ExtensibilityGlobals) = postSolution
		SolutionGuid = {8976C710-CCA5-4789-AC98-729C3063E33E}
	EndGlobalSection
EndGlobal
